
Microsoft Visual Studio Solution File, Format Version 12.00
# Visual Studio Version 17
VisualStudioVersion = 17.0.31903.59
MinimumVisualStudioVersion = 10.0.40219.1
Project("{2150E333-8FDC-42A3-9474-1A3956D46DE8}") = "src", "src", "{827E0CD3-B72D-47B6-A68D-7590B98EB39B}"
EndProject
Project("{FAE04EC0-301F-11D3-BF4B-00C04F79EFBC}") = "Magenta.Registration.Domain", "src\Magenta.Registration.Domain\Magenta.Registration.Domain.csproj", "{55C93ED9-5517-4370-AFD5-863FE7775BD5}"
EndProject
Project("{FAE04EC0-301F-11D3-BF4B-00C04F79EFBC}") = "Magenta.Registration.Application", "src\Magenta.Registration.Application\Magenta.Registration.Application.csproj", "{F1FEBA1D-FAC1-4BF4-BDDA-7B23A6A209EE}"
EndProject
Project("{FAE04EC0-301F-11D3-BF4B-00C04F79EFBC}") = "Magenta.Registration.Infrastructure", "src\Magenta.Registration.Infrastructure\Magenta.Registration.Infrastructure.csproj", "{5DC477FC-0B45-4509-ADE6-55A5604FD821}"
EndProject
Project("{FAE04EC0-301F-11D3-BF4B-00C04F79EFBC}") = "Magenta.Registration.API", "src\Magenta.Registration.API\Magenta.Registration.API.csproj", "{4FCBAE7D-9410-4320-936C-E9EC49796D1B}"
EndProject
Project("{FAE04EC0-301F-11D3-BF4B-00C04F79EFBC}") = "Magenta.Authentication.Domain", "src\Magenta.Authentication.Domain\Magenta.Authentication.Domain.csproj", "{647313B3-93B4-4E56-A751-E92094885369}"
EndProject
Project("{FAE04EC0-301F-11D3-BF4B-00C04F79EFBC}") = "Magenta.Authentication.Application", "src\Magenta.Authentication.Application\Magenta.Authentication.Application.csproj", "{0666E773-720E-4962-9880-1136F91BF25A}"
EndProject
Project("{FAE04EC0-301F-11D3-BF4B-00C04F79EFBC}") = "Magenta.Authentication.Infrastructure", "src\Magenta.Authentication.Infrastructure\Magenta.Authentication.Infrastructure.csproj", "{A7DD6D07-9118-4406-8929-47B89BA1A35E}"
EndProject
Project("{FAE04EC0-301F-11D3-BF4B-00C04F79EFBC}") = "Magenta.Authentication.API", "src\Magenta.Authentication.API\Magenta.Authentication.API.csproj", "{4AABDC5A-CA9D-4BBA-852B-C9637489DDEB}"
EndProject
Project("{FAE04EC0-301F-11D3-BF4B-00C04F79EFBC}") = "Magenta.Payment.Domain", "src\Magenta.Payment.Domain\Magenta.Payment.Domain.csproj", "{F5E6A7B8-C9D0-4E9F-8A9B-8C9D8E9F7A6B}"
EndProject
Project("{FAE04EC0-301F-11D3-BF4B-00C04F79EFBC}") = "Magenta.Payment.Application", "src\Magenta.Payment.Application\Magenta.Payment.Application.csproj", "{A6B7C8D9-E0F1-4F0A-9B8C-9D0E9F0A8B7C}"
EndProject
Project("{FAE04EC0-301F-11D3-BF4B-00C04F79EFBC}") = "Magenta.Payment.Infrastructure", "src\Magenta.Payment.Infrastructure\Magenta.Payment.Infrastructure.csproj", "{B7C8D9E0-F1A2-4A1B-8C9D-0E1F0A1B9C8D}"
EndProject
Project("{FAE04EC0-301F-11D3-BF4B-00C04F79EFBC}") = "Magenta.Payment.API", "src\Magenta.Payment.API\Magenta.Payment.API.csproj", "{C8D9E0F1-A2B3-4B2C-9D0E-1F2A0B2C0D9E}"
EndProject
Project("{2150E333-8FDC-42A3-9474-1A3956D46DE8}") = "Authentication", "Authentication", "{02EA681E-C7D8-13C7-8484-4AC65E1B71E8}"
EndProject
Project("{2150E333-8FDC-42A3-9474-1A3956D46DE8}") = "Registration", "Registration", "{BDA6D158-6AE6-4F97-B886-3AB06F7B42F7}"
EndProject
Project("{2150E333-8FDC-42A3-9474-1A3956D46DE8}") = "Payment", "Payment", "{CE165E15-2874-4F69-AF1D-470B873E4A56}"
EndProject
Project("{2150E333-8FDC-42A3-9474-1A3956D46DE8}") = "Wallet", "Wallet", "{692EE408-9C0F-4A5F-B74F-D2B8BBE01455}"
EndProject
Project("{FAE04EC0-301F-11D3-BF4B-00C04F79EFBC}") = "Magenta.Wallet.Application", "src\Magenta.Wallet.Application\Magenta.Wallet.Application.csproj", "{3635BD55-9455-4BDB-AF23-84E49C308201}"
EndProject
Project("{FAE04EC0-301F-11D3-BF4B-00C04F79EFBC}") = "Magenta.Wallet.Domain", "src\Magenta.Wallet.Domain\Magenta.Wallet.Domain.csproj", "{A25CA94C-5786-44A6-B7BB-D7A8572F49CA}"
EndProject
Project("{FAE04EC0-301F-11D3-BF4B-00C04F79EFBC}") = "Magenta.Wallet.Infrastructure", "src\Magenta.Wallet.Infrastructure\Magenta.Wallet.Infrastructure.csproj", "{AD2A8DA0-6E14-40C9-9A4A-D87A69FAF7CF}"
EndProject
Project("{FAE04EC0-301F-11D3-BF4B-00C04F79EFBC}") = "Magenta.Wallet.API", "src\Magenta.Wallet.API\Magenta.Wallet.API.csproj", "{43374ED2-10A0-4636-9F12-1570CE0AFF26}"
EndProject
Project("{FAE04EC0-301F-11D3-BF4B-00C04F79EFBC}") = "Magenta.Wallet.Grpc", "src\Magenta.Wallet.Grpc\Magenta.Wallet.Grpc.csproj", "{175E766E-B8C3-48E3-85E3-2C0B5033B165}"
EndProject
Global
	GlobalSection(SolutionConfigurationPlatforms) = preSolution
		Debug|Any CPU = Debug|Any CPU
		Debug|x64 = Debug|x64
		Debug|x86 = Debug|x86
		Release|Any CPU = Release|Any CPU
		Release|x64 = Release|x64
		Release|x86 = Release|x86
	EndGlobalSection
	GlobalSection(ProjectConfigurationPlatforms) = postSolution
		{55C93ED9-5517-4370-AFD5-863FE7775BD5}.Debug|Any CPU.ActiveCfg = Debug|Any CPU
		{55C93ED9-5517-4370-AFD5-863FE7775BD5}.Debug|Any CPU.Build.0 = Debug|Any CPU
		{55C93ED9-5517-4370-AFD5-863FE7775BD5}.Debug|x64.ActiveCfg = Debug|Any CPU
		{55C93ED9-5517-4370-AFD5-863FE7775BD5}.Debug|x64.Build.0 = Debug|Any CPU
		{55C93ED9-5517-4370-AFD5-863FE7775BD5}.Debug|x86.ActiveCfg = Debug|Any CPU
		{55C93ED9-5517-4370-AFD5-863FE7775BD5}.Debug|x86.Build.0 = Debug|Any CPU
		{55C93ED9-5517-4370-AFD5-863FE7775BD5}.Release|Any CPU.ActiveCfg = Release|Any CPU
		{55C93ED9-5517-4370-AFD5-863FE7775BD5}.Release|Any CPU.Build.0 = Release|Any CPU
		{55C93ED9-5517-4370-AFD5-863FE7775BD5}.Release|x64.ActiveCfg = Release|Any CPU
		{55C93ED9-5517-4370-AFD5-863FE7775BD5}.Release|x64.Build.0 = Release|Any CPU
		{55C93ED9-5517-4370-AFD5-863FE7775BD5}.Release|x86.ActiveCfg = Release|Any CPU
		{55C93ED9-5517-4370-AFD5-863FE7775BD5}.Release|x86.Build.0 = Release|Any CPU
		{F1FEBA1D-FAC1-4BF4-BDDA-7B23A6A209EE}.Debug|Any CPU.ActiveCfg = Debug|Any CPU
		{F1FEBA1D-FAC1-4BF4-BDDA-7B23A6A209EE}.Debug|Any CPU.Build.0 = Debug|Any CPU
		{F1FEBA1D-FAC1-4BF4-BDDA-7B23A6A209EE}.Debug|x64.ActiveCfg = Debug|Any CPU
		{F1FEBA1D-FAC1-4BF4-BDDA-7B23A6A209EE}.Debug|x64.Build.0 = Debug|Any CPU
		{F1FEBA1D-FAC1-4BF4-BDDA-7B23A6A209EE}.Debug|x86.ActiveCfg = Debug|Any CPU
		{F1FEBA1D-FAC1-4BF4-BDDA-7B23A6A209EE}.Debug|x86.Build.0 = Debug|Any CPU
		{F1FEBA1D-FAC1-4BF4-BDDA-7B23A6A209EE}.Release|Any CPU.ActiveCfg = Release|Any CPU
		{F1FEBA1D-FAC1-4BF4-BDDA-7B23A6A209EE}.Release|Any CPU.Build.0 = Release|Any CPU
		{F1FEBA1D-FAC1-4BF4-BDDA-7B23A6A209EE}.Release|x64.ActiveCfg = Release|Any CPU
		{F1FEBA1D-FAC1-4BF4-BDDA-7B23A6A209EE}.Release|x64.Build.0 = Release|Any CPU
		{F1FEBA1D-FAC1-4BF4-BDDA-7B23A6A209EE}.Release|x86.ActiveCfg = Release|Any CPU
		{F1FEBA1D-FAC1-4BF4-BDDA-7B23A6A209EE}.Release|x86.Build.0 = Release|Any CPU
		{5DC477FC-0B45-4509-ADE6-55A5604FD821}.Debug|Any CPU.ActiveCfg = Debug|Any CPU
		{5DC477FC-0B45-4509-ADE6-55A5604FD821}.Debug|Any CPU.Build.0 = Debug|Any CPU
		{5DC477FC-0B45-4509-ADE6-55A5604FD821}.Debug|x64.ActiveCfg = Debug|Any CPU
		{5DC477FC-0B45-4509-ADE6-55A5604FD821}.Debug|x64.Build.0 = Debug|Any CPU
		{5DC477FC-0B45-4509-ADE6-55A5604FD821}.Debug|x86.ActiveCfg = Debug|Any CPU
		{5DC477FC-0B45-4509-ADE6-55A5604FD821}.Debug|x86.Build.0 = Debug|Any CPU
		{5DC477FC-0B45-4509-ADE6-55A5604FD821}.Release|Any CPU.ActiveCfg = Release|Any CPU
		{5DC477FC-0B45-4509-ADE6-55A5604FD821}.Release|Any CPU.Build.0 = Release|Any CPU
		{5DC477FC-0B45-4509-ADE6-55A5604FD821}.Release|x64.ActiveCfg = Release|Any CPU
		{5DC477FC-0B45-4509-ADE6-55A5604FD821}.Release|x64.Build.0 = Release|Any CPU
		{5DC477FC-0B45-4509-ADE6-55A5604FD821}.Release|x86.ActiveCfg = Release|Any CPU
		{5DC477FC-0B45-4509-ADE6-55A5604FD821}.Release|x86.Build.0 = Release|Any CPU
		{4FCBAE7D-9410-4320-936C-E9EC49796D1B}.Debug|Any CPU.ActiveCfg = Debug|Any CPU
		{4FCBAE7D-9410-4320-936C-E9EC49796D1B}.Debug|Any CPU.Build.0 = Debug|Any CPU
		{4FCBAE7D-9410-4320-936C-E9EC49796D1B}.Debug|x64.ActiveCfg = Debug|Any CPU
		{4FCBAE7D-9410-4320-936C-E9EC49796D1B}.Debug|x64.Build.0 = Debug|Any CPU
		{4FCBAE7D-9410-4320-936C-E9EC49796D1B}.Debug|x86.ActiveCfg = Debug|Any CPU
		{4FCBAE7D-9410-4320-936C-E9EC49796D1B}.Debug|x86.Build.0 = Debug|Any CPU
		{4FCBAE7D-9410-4320-936C-E9EC49796D1B}.Release|Any CPU.ActiveCfg = Release|Any CPU
		{4FCBAE7D-9410-4320-936C-E9EC49796D1B}.Release|Any CPU.Build.0 = Release|Any CPU
		{4FCBAE7D-9410-4320-936C-E9EC49796D1B}.Release|x64.ActiveCfg = Release|Any CPU
		{4FCBAE7D-9410-4320-936C-E9EC49796D1B}.Release|x64.Build.0 = Release|Any CPU
		{4FCBAE7D-9410-4320-936C-E9EC49796D1B}.Release|x86.ActiveCfg = Release|Any CPU
		{4FCBAE7D-9410-4320-936C-E9EC49796D1B}.Release|x86.Build.0 = Release|Any CPU
		{647313B3-93B4-4E56-A751-E92094885369}.Debug|Any CPU.ActiveCfg = Debug|Any CPU
		{647313B3-93B4-4E56-A751-E92094885369}.Debug|Any CPU.Build.0 = Debug|Any CPU
		{647313B3-93B4-4E56-A751-E92094885369}.Debug|x64.ActiveCfg = Debug|Any CPU
		{647313B3-93B4-4E56-A751-E92094885369}.Debug|x64.Build.0 = Debug|Any CPU
		{647313B3-93B4-4E56-A751-E92094885369}.Debug|x86.ActiveCfg = Debug|Any CPU
		{647313B3-93B4-4E56-A751-E92094885369}.Debug|x86.Build.0 = Debug|Any CPU
		{647313B3-93B4-4E56-A751-E92094885369}.Release|Any CPU.ActiveCfg = Release|Any CPU
		{647313B3-93B4-4E56-A751-E92094885369}.Release|Any CPU.Build.0 = Release|Any CPU
		{647313B3-93B4-4E56-A751-E92094885369}.Release|x64.ActiveCfg = Release|Any CPU
		{647313B3-93B4-4E56-A751-E92094885369}.Release|x64.Build.0 = Release|Any CPU
		{647313B3-93B4-4E56-A751-E92094885369}.Release|x86.ActiveCfg = Release|Any CPU
		{647313B3-93B4-4E56-A751-E92094885369}.Release|x86.Build.0 = Release|Any CPU
		{0666E773-720E-4962-9880-1136F91BF25A}.Debug|Any CPU.ActiveCfg = Debug|Any CPU
		{0666E773-720E-4962-9880-1136F91BF25A}.Debug|Any CPU.Build.0 = Debug|Any CPU
		{0666E773-720E-4962-9880-1136F91BF25A}.Debug|x64.ActiveCfg = Debug|Any CPU
		{0666E773-720E-4962-9880-1136F91BF25A}.Debug|x64.Build.0 = Debug|Any CPU
		{0666E773-720E-4962-9880-1136F91BF25A}.Debug|x86.ActiveCfg = Debug|Any CPU
		{0666E773-720E-4962-9880-1136F91BF25A}.Debug|x86.Build.0 = Debug|Any CPU
		{0666E773-720E-4962-9880-1136F91BF25A}.Release|Any CPU.ActiveCfg = Release|Any CPU
		{0666E773-720E-4962-9880-1136F91BF25A}.Release|Any CPU.Build.0 = Release|Any CPU
		{0666E773-720E-4962-9880-1136F91BF25A}.Release|x64.ActiveCfg = Release|Any CPU
		{0666E773-720E-4962-9880-1136F91BF25A}.Release|x64.Build.0 = Release|Any CPU
		{0666E773-720E-4962-9880-1136F91BF25A}.Release|x86.ActiveCfg = Release|Any CPU
		{0666E773-720E-4962-9880-1136F91BF25A}.Release|x86.Build.0 = Release|Any CPU
		{A7DD6D07-9118-4406-8929-47B89BA1A35E}.Debug|Any CPU.ActiveCfg = Debug|Any CPU
		{A7DD6D07-9118-4406-8929-47B89BA1A35E}.Debug|Any CPU.Build.0 = Debug|Any CPU
		{A7DD6D07-9118-4406-8929-47B89BA1A35E}.Debug|x64.ActiveCfg = Debug|Any CPU
		{A7DD6D07-9118-4406-8929-47B89BA1A35E}.Debug|x64.Build.0 = Debug|Any CPU
		{A7DD6D07-9118-4406-8929-47B89BA1A35E}.Debug|x86.ActiveCfg = Debug|Any CPU
		{A7DD6D07-9118-4406-8929-47B89BA1A35E}.Debug|x86.Build.0 = Debug|Any CPU
		{A7DD6D07-9118-4406-8929-47B89BA1A35E}.Release|Any CPU.ActiveCfg = Release|Any CPU
		{A7DD6D07-9118-4406-8929-47B89BA1A35E}.Release|Any CPU.Build.0 = Release|Any CPU
		{A7DD6D07-9118-4406-8929-47B89BA1A35E}.Release|x64.ActiveCfg = Release|Any CPU
		{A7DD6D07-9118-4406-8929-47B89BA1A35E}.Release|x64.Build.0 = Release|Any CPU
		{A7DD6D07-9118-4406-8929-47B89BA1A35E}.Release|x86.ActiveCfg = Release|Any CPU
		{A7DD6D07-9118-4406-8929-47B89BA1A35E}.Release|x86.Build.0 = Release|Any CPU
		{4AABDC5A-CA9D-4BBA-852B-C9637489DDEB}.Debug|Any CPU.ActiveCfg = Debug|Any CPU
		{4AABDC5A-CA9D-4BBA-852B-C9637489DDEB}.Debug|Any CPU.Build.0 = Debug|Any CPU
		{4AABDC5A-CA9D-4BBA-852B-C9637489DDEB}.Debug|x64.ActiveCfg = Debug|Any CPU
		{4AABDC5A-CA9D-4BBA-852B-C9637489DDEB}.Debug|x64.Build.0 = Debug|Any CPU
		{4AABDC5A-CA9D-4BBA-852B-C9637489DDEB}.Debug|x86.ActiveCfg = Debug|Any CPU
		{4AABDC5A-CA9D-4BBA-852B-C9637489DDEB}.Debug|x86.Build.0 = Debug|Any CPU
		{4AABDC5A-CA9D-4BBA-852B-C9637489DDEB}.Release|Any CPU.ActiveCfg = Release|Any CPU
		{4AABDC5A-CA9D-4BBA-852B-C9637489DDEB}.Release|Any CPU.Build.0 = Release|Any CPU
		{4AABDC5A-CA9D-4BBA-852B-C9637489DDEB}.Release|x64.ActiveCfg = Release|Any CPU
		{4AABDC5A-CA9D-4BBA-852B-C9637489DDEB}.Release|x64.Build.0 = Release|Any CPU
		{4AABDC5A-CA9D-4BBA-852B-C9637489DDEB}.Release|x86.ActiveCfg = Release|Any CPU
		{4AABDC5A-CA9D-4BBA-852B-C9637489DDEB}.Release|x86.Build.0 = Release|Any CPU
		{F5E6A7B8-C9D0-4E9F-8A9B-8C9D8E9F7A6B}.Debug|Any CPU.ActiveCfg = Debug|Any CPU
		{F5E6A7B8-C9D0-4E9F-8A9B-8C9D8E9F7A6B}.Debug|Any CPU.Build.0 = Debug|Any CPU
		{F5E6A7B8-C9D0-4E9F-8A9B-8C9D8E9F7A6B}.Debug|x64.ActiveCfg = Debug|Any CPU
		{F5E6A7B8-C9D0-4E9F-8A9B-8C9D8E9F7A6B}.Debug|x64.Build.0 = Debug|Any CPU
		{F5E6A7B8-C9D0-4E9F-8A9B-8C9D8E9F7A6B}.Debug|x86.ActiveCfg = Debug|Any CPU
		{F5E6A7B8-C9D0-4E9F-8A9B-8C9D8E9F7A6B}.Debug|x86.Build.0 = Debug|Any CPU
		{F5E6A7B8-C9D0-4E9F-8A9B-8C9D8E9F7A6B}.Release|Any CPU.ActiveCfg = Release|Any CPU
		{F5E6A7B8-C9D0-4E9F-8A9B-8C9D8E9F7A6B}.Release|Any CPU.Build.0 = Release|Any CPU
		{F5E6A7B8-C9D0-4E9F-8A9B-8C9D8E9F7A6B}.Release|x64.ActiveCfg = Release|Any CPU
		{F5E6A7B8-C9D0-4E9F-8A9B-8C9D8E9F7A6B}.Release|x64.Build.0 = Release|Any CPU
		{F5E6A7B8-C9D0-4E9F-8A9B-8C9D8E9F7A6B}.Release|x86.ActiveCfg = Release|Any CPU
		{F5E6A7B8-C9D0-4E9F-8A9B-8C9D8E9F7A6B}.Release|x86.Build.0 = Release|Any CPU
		{A6B7C8D9-E0F1-4F0A-9B8C-9D0E9F0A8B7C}.Debug|Any CPU.ActiveCfg = Debug|Any CPU
		{A6B7C8D9-E0F1-4F0A-9B8C-9D0E9F0A8B7C}.Debug|Any CPU.Build.0 = Debug|Any CPU
		{A6B7C8D9-E0F1-4F0A-9B8C-9D0E9F0A8B7C}.Debug|x64.ActiveCfg = Debug|Any CPU
		{A6B7C8D9-E0F1-4F0A-9B8C-9D0E9F0A8B7C}.Debug|x64.Build.0 = Debug|Any CPU
		{A6B7C8D9-E0F1-4F0A-9B8C-9D0E9F0A8B7C}.Debug|x86.ActiveCfg = Debug|Any CPU
		{A6B7C8D9-E0F1-4F0A-9B8C-9D0E9F0A8B7C}.Debug|x86.Build.0 = Debug|Any CPU
		{A6B7C8D9-E0F1-4F0A-9B8C-9D0E9F0A8B7C}.Release|Any CPU.ActiveCfg = Release|Any CPU
		{A6B7C8D9-E0F1-4F0A-9B8C-9D0E9F0A8B7C}.Release|Any CPU.Build.0 = Release|Any CPU
		{A6B7C8D9-E0F1-4F0A-9B8C-9D0E9F0A8B7C}.Release|x64.ActiveCfg = Release|Any CPU
		{A6B7C8D9-E0F1-4F0A-9B8C-9D0E9F0A8B7C}.Release|x64.Build.0 = Release|Any CPU
		{A6B7C8D9-E0F1-4F0A-9B8C-9D0E9F0A8B7C}.Release|x86.ActiveCfg = Release|Any CPU
		{A6B7C8D9-E0F1-4F0A-9B8C-9D0E9F0A8B7C}.Release|x86.Build.0 = Release|Any CPU
		{B7C8D9E0-F1A2-4A1B-8C9D-0E1F0A1B9C8D}.Debug|Any CPU.ActiveCfg = Debug|Any CPU
		{B7C8D9E0-F1A2-4A1B-8C9D-0E1F0A1B9C8D}.Debug|Any CPU.Build.0 = Debug|Any CPU
		{B7C8D9E0-F1A2-4A1B-8C9D-0E1F0A1B9C8D}.Debug|x64.ActiveCfg = Debug|Any CPU
		{B7C8D9E0-F1A2-4A1B-8C9D-0E1F0A1B9C8D}.Debug|x64.Build.0 = Debug|Any CPU
		{B7C8D9E0-F1A2-4A1B-8C9D-0E1F0A1B9C8D}.Debug|x86.ActiveCfg = Debug|Any CPU
		{B7C8D9E0-F1A2-4A1B-8C9D-0E1F0A1B9C8D}.Debug|x86.Build.0 = Debug|Any CPU
		{B7C8D9E0-F1A2-4A1B-8C9D-0E1F0A1B9C8D}.Release|Any CPU.ActiveCfg = Release|Any CPU
		{B7C8D9E0-F1A2-4A1B-8C9D-0E1F0A1B9C8D}.Release|Any CPU.Build.0 = Release|Any CPU
		{B7C8D9E0-F1A2-4A1B-8C9D-0E1F0A1B9C8D}.Release|x64.ActiveCfg = Release|Any CPU
		{B7C8D9E0-F1A2-4A1B-8C9D-0E1F0A1B9C8D}.Release|x64.Build.0 = Release|Any CPU
		{B7C8D9E0-F1A2-4A1B-8C9D-0E1F0A1B9C8D}.Release|x86.ActiveCfg = Release|Any CPU
		{B7C8D9E0-F1A2-4A1B-8C9D-0E1F0A1B9C8D}.Release|x86.Build.0 = Release|Any CPU
		{C8D9E0F1-A2B3-4B2C-9D0E-1F2A0B2C0D9E}.Debug|Any CPU.ActiveCfg = Debug|Any CPU
		{C8D9E0F1-A2B3-4B2C-9D0E-1F2A0B2C0D9E}.Debug|Any CPU.Build.0 = Debug|Any CPU
		{C8D9E0F1-A2B3-4B2C-9D0E-1F2A0B2C0D9E}.Debug|x64.ActiveCfg = Debug|Any CPU
		{C8D9E0F1-A2B3-4B2C-9D0E-1F2A0B2C0D9E}.Debug|x64.Build.0 = Debug|Any CPU
		{C8D9E0F1-A2B3-4B2C-9D0E-1F2A0B2C0D9E}.Debug|x86.ActiveCfg = Debug|Any CPU
		{C8D9E0F1-A2B3-4B2C-9D0E-1F2A0B2C0D9E}.Debug|x86.Build.0 = Debug|Any CPU
		{C8D9E0F1-A2B3-4B2C-9D0E-1F2A0B2C0D9E}.Release|Any CPU.ActiveCfg = Release|Any CPU
		{C8D9E0F1-A2B3-4B2C-9D0E-1F2A0B2C0D9E}.Release|Any CPU.Build.0 = Release|Any CPU
		{C8D9E0F1-A2B3-4B2C-9D0E-1F2A0B2C0D9E}.Release|x64.ActiveCfg = Release|Any CPU
		{C8D9E0F1-A2B3-4B2C-9D0E-1F2A0B2C0D9E}.Release|x64.Build.0 = Release|Any CPU
		{C8D9E0F1-A2B3-4B2C-9D0E-1F2A0B2C0D9E}.Release|x86.ActiveCfg = Release|Any CPU
		{C8D9E0F1-A2B3-4B2C-9D0E-1F2A0B2C0D9E}.Release|x86.Build.0 = Release|Any CPU
		{3635BD55-9455-4BDB-AF23-84E49C308201}.Debug|Any CPU.ActiveCfg = Debug|Any CPU
		{3635BD55-9455-4BDB-AF23-84E49C308201}.Debug|Any CPU.Build.0 = Debug|Any CPU
		{3635BD55-9455-4BDB-AF23-84E49C308201}.Debug|x64.ActiveCfg = Debug|Any CPU
		{3635BD55-9455-4BDB-AF23-84E49C308201}.Debug|x64.Build.0 = Debug|Any CPU
		{3635BD55-9455-4BDB-AF23-84E49C308201}.Debug|x86.ActiveCfg = Debug|Any CPU
		{3635BD55-9455-4BDB-AF23-84E49C308201}.Debug|x86.Build.0 = Debug|Any CPU
		{3635BD55-9455-4BDB-AF23-84E49C308201}.Release|Any CPU.ActiveCfg = Release|Any CPU
		{3635BD55-9455-4BDB-AF23-84E49C308201}.Release|Any CPU.Build.0 = Release|Any CPU
		{3635BD55-9455-4BDB-AF23-84E49C308201}.Release|x64.ActiveCfg = Release|Any CPU
		{3635BD55-9455-4BDB-AF23-84E49C308201}.Release|x64.Build.0 = Release|Any CPU
		{3635BD55-9455-4BDB-AF23-84E49C308201}.Release|x86.ActiveCfg = Release|Any CPU
		{3635BD55-9455-4BDB-AF23-84E49C308201}.Release|x86.Build.0 = Release|Any CPU
		{A25CA94C-5786-44A6-B7BB-D7A8572F49CA}.Debug|Any CPU.ActiveCfg = Debug|Any CPU
		{A25CA94C-5786-44A6-B7BB-D7A8572F49CA}.Debug|Any CPU.Build.0 = Debug|Any CPU
		{A25CA94C-5786-44A6-B7BB-D7A8572F49CA}.Debug|x64.ActiveCfg = Debug|Any CPU
		{A25CA94C-5786-44A6-B7BB-D7A8572F49CA}.Debug|x64.Build.0 = Debug|Any CPU
		{A25CA94C-5786-44A6-B7BB-D7A8572F49CA}.Debug|x86.ActiveCfg = Debug|Any CPU
		{A25CA94C-5786-44A6-B7BB-D7A8572F49CA}.Debug|x86.Build.0 = Debug|Any CPU
		{A25CA94C-5786-44A6-B7BB-D7A8572F49CA}.Release|Any CPU.ActiveCfg = Release|Any CPU
		{A25CA94C-5786-44A6-B7BB-D7A8572F49CA}.Release|Any CPU.Build.0 = Release|Any CPU
		{A25CA94C-5786-44A6-B7BB-D7A8572F49CA}.Release|x64.ActiveCfg = Release|Any CPU
		{A25CA94C-5786-44A6-B7BB-D7A8572F49CA}.Release|x64.Build.0 = Release|Any CPU
		{A25CA94C-5786-44A6-B7BB-D7A8572F49CA}.Release|x86.ActiveCfg = Release|Any CPU
		{A25CA94C-5786-44A6-B7BB-D7A8572F49CA}.Release|x86.Build.0 = Release|Any CPU
		{AD2A8DA0-6E14-40C9-9A4A-D87A69FAF7CF}.Debug|Any CPU.ActiveCfg = Debug|Any CPU
		{AD2A8DA0-6E14-40C9-9A4A-D87A69FAF7CF}.Debug|Any CPU.Build.0 = Debug|Any CPU
		{AD2A8DA0-6E14-40C9-9A4A-D87A69FAF7CF}.Debug|x64.ActiveCfg = Debug|Any CPU
		{AD2A8DA0-6E14-40C9-9A4A-D87A69FAF7CF}.Debug|x64.Build.0 = Debug|Any CPU
		{AD2A8DA0-6E14-40C9-9A4A-D87A69FAF7CF}.Debug|x86.ActiveCfg = Debug|Any CPU
		{AD2A8DA0-6E14-40C9-9A4A-D87A69FAF7CF}.Debug|x86.Build.0 = Debug|Any CPU
		{AD2A8DA0-6E14-40C9-9A4A-D87A69FAF7CF}.Release|Any CPU.ActiveCfg = Release|Any CPU
		{AD2A8DA0-6E14-40C9-9A4A-D87A69FAF7CF}.Release|Any CPU.Build.0 = Release|Any CPU
		{AD2A8DA0-6E14-40C9-9A4A-D87A69FAF7CF}.Release|x64.ActiveCfg = Release|Any CPU
		{AD2A8DA0-6E14-40C9-9A4A-D87A69FAF7CF}.Release|x64.Build.0 = Release|Any CPU
		{AD2A8DA0-6E14-40C9-9A4A-D87A69FAF7CF}.Release|x86.ActiveCfg = Release|Any CPU
		{AD2A8DA0-6E14-40C9-9A4A-D87A69FAF7CF}.Release|x86.Build.0 = Release|Any CPU
		{43374ED2-10A0-4636-9F12-1570CE0AFF26}.Debug|Any CPU.ActiveCfg = Debug|Any CPU
		{43374ED2-10A0-4636-9F12-1570CE0AFF26}.Debug|Any CPU.Build.0 = Debug|Any CPU
		{43374ED2-10A0-4636-9F12-1570CE0AFF26}.Debug|x64.ActiveCfg = Debug|Any CPU
		{43374ED2-10A0-4636-9F12-1570CE0AFF26}.Debug|x64.Build.0 = Debug|Any CPU
		{43374ED2-10A0-4636-9F12-1570CE0AFF26}.Debug|x86.ActiveCfg = Debug|Any CPU
		{43374ED2-10A0-4636-9F12-1570CE0AFF26}.Debug|x86.Build.0 = Debug|Any CPU
		{43374ED2-10A0-4636-9F12-1570CE0AFF26}.Release|Any CPU.ActiveCfg = Release|Any CPU
		{43374ED2-10A0-4636-9F12-1570CE0AFF26}.Release|Any CPU.Build.0 = Release|Any CPU
		{43374ED2-10A0-4636-9F12-1570CE0AFF26}.Release|x64.ActiveCfg = Release|Any CPU
		{43374ED2-10A0-4636-9F12-1570CE0AFF26}.Release|x64.Build.0 = Release|Any CPU
		{43374ED2-10A0-4636-9F12-1570CE0AFF26}.Release|x86.ActiveCfg = Release|Any CPU
		{43374ED2-10A0-4636-9F12-1570CE0AFF26}.Release|x86.Build.0 = Release|Any CPU
		{175E766E-B8C3-48E3-85E3-2C0B5033B165}.Debug|Any CPU.ActiveCfg = Debug|Any CPU
		{175E766E-B8C3-48E3-85E3-2C0B5033B165}.Debug|Any CPU.Build.0 = Debug|Any CPU
		{175E766E-B8C3-48E3-85E3-2C0B5033B165}.Debug|x64.ActiveCfg = Debug|Any CPU
		{175E766E-B8C3-48E3-85E3-2C0B5033B165}.Debug|x64.Build.0 = Debug|Any CPU
		{175E766E-B8C3-48E3-85E3-2C0B5033B165}.Debug|x86.ActiveCfg = Debug|Any CPU
		{175E766E-B8C3-48E3-85E3-2C0B5033B165}.Debug|x86.Build.0 = Debug|Any CPU
		{175E766E-B8C3-48E3-85E3-2C0B5033B165}.Release|Any CPU.ActiveCfg = Release|Any CPU
		{175E766E-B8C3-48E3-85E3-2C0B5033B165}.Release|Any CPU.Build.0 = Release|Any CPU
		{175E766E-B8C3-48E3-85E3-2C0B5033B165}.Release|x64.ActiveCfg = Release|Any CPU
		{175E766E-B8C3-48E3-85E3-2C0B5033B165}.Release|x64.Build.0 = Release|Any CPU
		{175E766E-B8C3-48E3-85E3-2C0B5033B165}.Release|x86.ActiveCfg = Release|Any CPU
		{175E766E-B8C3-48E3-85E3-2C0B5033B165}.Release|x86.Build.0 = Release|Any CPU
	EndGlobalSection
	GlobalSection(SolutionProperties) = preSolution
		HideSolutionNode = FALSE
	EndGlobalSection
	GlobalSection(NestedProjects) = preSolution
		{55C93ED9-5517-4370-AFD5-863FE7775BD5} = {BDA6D158-6AE6-4F97-B886-3AB06F7B42F7}
		{F1FEBA1D-FAC1-4BF4-BDDA-7B23A6A209EE} = {BDA6D158-6AE6-4F97-B886-3AB06F7B42F7}
		{5DC477FC-0B45-4509-ADE6-55A5604FD821} = {BDA6D158-6AE6-4F97-B886-3AB06F7B42F7}
		{4FCBAE7D-9410-4320-936C-E9EC49796D1B} = {BDA6D158-6AE6-4F97-B886-3AB06F7B42F7}
		{647313B3-93B4-4E56-A751-E92094885369} = {02EA681E-C7D8-13C7-8484-4AC65E1B71E8}
		{0666E773-720E-4962-9880-1136F91BF25A} = {02EA681E-C7D8-13C7-8484-4AC65E1B71E8}
		{A7DD6D07-9118-4406-8929-47B89BA1A35E} = {02EA681E-C7D8-13C7-8484-4AC65E1B71E8}
		{4AABDC5A-CA9D-4BBA-852B-C9637489DDEB} = {02EA681E-C7D8-13C7-8484-4AC65E1B71E8}
		{F5E6A7B8-C9D0-4E9F-8A9B-8C9D8E9F7A6B} = {CE165E15-2874-4F69-AF1D-470B873E4A56}
		{A6B7C8D9-E0F1-4F0A-9B8C-9D0E9F0A8B7C} = {CE165E15-2874-4F69-AF1D-470B873E4A56}
		{B7C8D9E0-F1A2-4A1B-8C9D-0E1F0A1B9C8D} = {CE165E15-2874-4F69-AF1D-470B873E4A56}
		{C8D9E0F1-A2B3-4B2C-9D0E-1F2A0B2C0D9E} = {CE165E15-2874-4F69-AF1D-470B873E4A56}
		{02EA681E-C7D8-13C7-8484-4AC65E1B71E8} = {827E0CD3-B72D-47B6-A68D-7590B98EB39B}
		{BDA6D158-6AE6-4F97-B886-3AB06F7B42F7} = {827E0CD3-B72D-47B6-A68D-7590B98EB39B}
		{CE165E15-2874-4F69-AF1D-470B873E4A56} = {827E0CD3-B72D-47B6-A68D-7590B98EB39B}
		{692EE408-9C0F-4A5F-B74F-D2B8BBE01455} = {827E0CD3-B72D-47B6-A68D-7590B98EB39B}
		{3635BD55-9455-4BDB-AF23-84E49C308201} = {692EE408-9C0F-4A5F-B74F-D2B8BBE01455}
		{A25CA94C-5786-44A6-B7BB-D7A8572F49CA} = {692EE408-9C0F-4A5F-B74F-D2B8BBE01455}
		{AD2A8DA0-6E14-40C9-9A4A-D87A69FAF7CF} = {692EE408-9C0F-4A5F-B74F-D2B8BBE01455}
		{43374ED2-10A0-4636-9F12-1570CE0AFF26} = {692EE408-9C0F-4A5F-B74F-D2B8BBE01455}
		{175E766E-B8C3-48E3-85E3-2C0B5033B165} = {692EE408-9C0F-4A5F-B74F-D2B8BBE01455}
	EndGlobalSection
	GlobalSection(ExtensibilityGlobals) = postSolution
		SolutionGuid = {46E8570A-48EE-40B4-AF33-B1322030B476}
	EndGlobalSection
EndGlobal
