
Microsoft Visual Studio Solution File, Format Version 12.00
# Visual Studio Version 17
VisualStudioVersion = 17.0.31903.59
MinimumVisualStudioVersion = 10.0.40219.1
Project("{2150E333-8FDC-42A3-9474-1A3956D46DE8}") = "src", "src", "{827E0CD3-B72D-47B6-A68D-7590B98EB39B}"
EndProject
Project("{2150E333-8FDC-42A3-9474-1A3956D46DE8}") = "test", "test", "{0C88DD14-F956-CE84-757C-A364CCF449FC}"
EndProject
Project("{FAE04EC0-301F-11D3-BF4B-00C04F79EFBC}") = "Magenta.Registration.Domain", "src\Magenta.Registration.Domain\Magenta.Registration.Domain.csproj", "{55C93ED9-5517-4370-AFD5-863FE7775BD5}"
EndProject
Project("{FAE04EC0-301F-11D3-BF4B-00C04F79EFBC}") = "Magenta.Registration.Application", "src\Magenta.Registration.Application\Magenta.Registration.Application.csproj", "{F1FEBA1D-FAC1-4BF4-BDDA-7B23A6A209EE}"
EndProject
Project("{FAE04EC0-301F-11D3-BF4B-00C04F79EFBC}") = "Magenta.Registration.Infrastructure", "src\Magenta.Registration.Infrastructure\Magenta.Registration.Infrastructure.csproj", "{5DC477FC-0B45-4509-ADE6-55A5604FD821}"
EndProject
Project("{FAE04EC0-301F-11D3-BF4B-00C04F79EFBC}") = "Magenta.Registration.API", "src\Magenta.Registration.API\Magenta.Registration.API.csproj", "{4FCBAE7D-9410-4320-936C-E9EC49796D1B}"
EndProject
Project("{FAE04EC0-301F-11D3-BF4B-00C04F79EFBC}") = "Magenta.Registration.Application.Tests", "test\Magenta.Registration.Application.Tests\Magenta.Registration.Application.Tests.csproj", "{B7DB4D05-ED53-479A-BDE7-DE98E3C00383}"
EndProject
Global
	GlobalSection(SolutionConfigurationPlatforms) = preSolution
		Debug|Any CPU = Debug|Any CPU
		Debug|x64 = Debug|x64
		Debug|x86 = Debug|x86
		Release|Any CPU = Release|Any CPU
		Release|x64 = Release|x64
		Release|x86 = Release|x86
	EndGlobalSection
	GlobalSection(ProjectConfigurationPlatforms) = postSolution
		{55C93ED9-5517-4370-AFD5-863FE7775BD5}.Debug|Any CPU.ActiveCfg = Debug|Any CPU
		{55C93ED9-5517-4370-AFD5-863FE7775BD5}.Debug|Any CPU.Build.0 = Debug|Any CPU
		{55C93ED9-5517-4370-AFD5-863FE7775BD5}.Debug|x64.ActiveCfg = Debug|Any CPU
		{55C93ED9-5517-4370-AFD5-863FE7775BD5}.Debug|x64.Build.0 = Debug|Any CPU
		{55C93ED9-5517-4370-AFD5-863FE7775BD5}.Debug|x86.ActiveCfg = Debug|Any CPU
		{55C93ED9-5517-4370-AFD5-863FE7775BD5}.Debug|x86.Build.0 = Debug|Any CPU
		{55C93ED9-5517-4370-AFD5-863FE7775BD5}.Release|Any CPU.ActiveCfg = Release|Any CPU
		{55C93ED9-5517-4370-AFD5-863FE7775BD5}.Release|Any CPU.Build.0 = Release|Any CPU
		{55C93ED9-5517-4370-AFD5-863FE7775BD5}.Release|x64.ActiveCfg = Release|Any CPU
		{55C93ED9-5517-4370-AFD5-863FE7775BD5}.Release|x64.Build.0 = Release|Any CPU
		{55C93ED9-5517-4370-AFD5-863FE7775BD5}.Release|x86.ActiveCfg = Release|Any CPU
		{55C93ED9-5517-4370-AFD5-863FE7775BD5}.Release|x86.Build.0 = Release|Any CPU
		{F1FEBA1D-FAC1-4BF4-BDDA-7B23A6A209EE}.Debug|Any CPU.ActiveCfg = Debug|Any CPU
		{F1FEBA1D-FAC1-4BF4-BDDA-7B23A6A209EE}.Debug|Any CPU.Build.0 = Debug|Any CPU
		{F1FEBA1D-FAC1-4BF4-BDDA-7B23A6A209EE}.Debug|x64.ActiveCfg = Debug|Any CPU
		{F1FEBA1D-FAC1-4BF4-BDDA-7B23A6A209EE}.Debug|x64.Build.0 = Debug|Any CPU
		{F1FEBA1D-FAC1-4BF4-BDDA-7B23A6A209EE}.Debug|x86.ActiveCfg = Debug|Any CPU
		{F1FEBA1D-FAC1-4BF4-BDDA-7B23A6A209EE}.Debug|x86.Build.0 = Debug|Any CPU
		{F1FEBA1D-FAC1-4BF4-BDDA-7B23A6A209EE}.Release|Any CPU.ActiveCfg = Release|Any CPU
		{F1FEBA1D-FAC1-4BF4-BDDA-7B23A6A209EE}.Release|Any CPU.Build.0 = Release|Any CPU
		{F1FEBA1D-FAC1-4BF4-BDDA-7B23A6A209EE}.Release|x64.ActiveCfg = Release|Any CPU
		{F1FEBA1D-FAC1-4BF4-BDDA-7B23A6A209EE}.Release|x64.Build.0 = Release|Any CPU
		{F1FEBA1D-FAC1-4BF4-BDDA-7B23A6A209EE}.Release|x86.ActiveCfg = Release|Any CPU
		{F1FEBA1D-FAC1-4BF4-BDDA-7B23A6A209EE}.Release|x86.Build.0 = Release|Any CPU
		{5DC477FC-0B45-4509-ADE6-55A5604FD821}.Debug|Any CPU.ActiveCfg = Debug|Any CPU
		{5DC477FC-0B45-4509-ADE6-55A5604FD821}.Debug|Any CPU.Build.0 = Debug|Any CPU
		{5DC477FC-0B45-4509-ADE6-55A5604FD821}.Debug|x64.ActiveCfg = Debug|Any CPU
		{5DC477FC-0B45-4509-ADE6-55A5604FD821}.Debug|x64.Build.0 = Debug|Any CPU
		{5DC477FC-0B45-4509-ADE6-55A5604FD821}.Debug|x86.ActiveCfg = Debug|Any CPU
		{5DC477FC-0B45-4509-ADE6-55A5604FD821}.Debug|x86.Build.0 = Debug|Any CPU
		{5DC477FC-0B45-4509-ADE6-55A5604FD821}.Release|Any CPU.ActiveCfg = Release|Any CPU
		{5DC477FC-0B45-4509-ADE6-55A5604FD821}.Release|Any CPU.Build.0 = Release|Any CPU
		{5DC477FC-0B45-4509-ADE6-55A5604FD821}.Release|x64.ActiveCfg = Release|Any CPU
		{5DC477FC-0B45-4509-ADE6-55A5604FD821}.Release|x64.Build.0 = Release|Any CPU
		{5DC477FC-0B45-4509-ADE6-55A5604FD821}.Release|x86.ActiveCfg = Release|Any CPU
		{5DC477FC-0B45-4509-ADE6-55A5604FD821}.Release|x86.Build.0 = Release|Any CPU
		{4FCBAE7D-9410-4320-936C-E9EC49796D1B}.Debug|Any CPU.ActiveCfg = Debug|Any CPU
		{4FCBAE7D-9410-4320-936C-E9EC49796D1B}.Debug|Any CPU.Build.0 = Debug|Any CPU
		{4FCBAE7D-9410-4320-936C-E9EC49796D1B}.Debug|x64.ActiveCfg = Debug|Any CPU
		{4FCBAE7D-9410-4320-936C-E9EC49796D1B}.Debug|x64.Build.0 = Debug|Any CPU
		{4FCBAE7D-9410-4320-936C-E9EC49796D1B}.Debug|x86.ActiveCfg = Debug|Any CPU
		{4FCBAE7D-9410-4320-936C-E9EC49796D1B}.Debug|x86.Build.0 = Debug|Any CPU
		{4FCBAE7D-9410-4320-936C-E9EC49796D1B}.Release|Any CPU.ActiveCfg = Release|Any CPU
		{4FCBAE7D-9410-4320-936C-E9EC49796D1B}.Release|Any CPU.Build.0 = Release|Any CPU
		{4FCBAE7D-9410-4320-936C-E9EC49796D1B}.Release|x64.ActiveCfg = Release|Any CPU
		{4FCBAE7D-9410-4320-936C-E9EC49796D1B}.Release|x64.Build.0 = Release|Any CPU
		{4FCBAE7D-9410-4320-936C-E9EC49796D1B}.Release|x86.ActiveCfg = Release|Any CPU
		{4FCBAE7D-9410-4320-936C-E9EC49796D1B}.Release|x86.Build.0 = Release|Any CPU
		{B7DB4D05-ED53-479A-BDE7-DE98E3C00383}.Debug|Any CPU.ActiveCfg = Debug|Any CPU
		{B7DB4D05-ED53-479A-BDE7-DE98E3C00383}.Debug|Any CPU.Build.0 = Debug|Any CPU
		{B7DB4D05-ED53-479A-BDE7-DE98E3C00383}.Debug|x64.ActiveCfg = Debug|Any CPU
		{B7DB4D05-ED53-479A-BDE7-DE98E3C00383}.Debug|x64.Build.0 = Debug|Any CPU
		{B7DB4D05-ED53-479A-BDE7-DE98E3C00383}.Debug|x86.ActiveCfg = Debug|Any CPU
		{B7DB4D05-ED53-479A-BDE7-DE98E3C00383}.Debug|x86.Build.0 = Debug|Any CPU
		{B7DB4D05-ED53-479A-BDE7-DE98E3C00383}.Release|Any CPU.ActiveCfg = Release|Any CPU
		{B7DB4D05-ED53-479A-BDE7-DE98E3C00383}.Release|Any CPU.Build.0 = Release|Any CPU
		{B7DB4D05-ED53-479A-BDE7-DE98E3C00383}.Release|x64.ActiveCfg = Release|Any CPU
		{B7DB4D05-ED53-479A-BDE7-DE98E3C00383}.Release|x64.Build.0 = Release|Any CPU
		{B7DB4D05-ED53-479A-BDE7-DE98E3C00383}.Release|x86.ActiveCfg = Release|Any CPU
		{B7DB4D05-ED53-479A-BDE7-DE98E3C00383}.Release|x86.Build.0 = Release|Any CPU
	EndGlobalSection
	GlobalSection(SolutionProperties) = preSolution
		HideSolutionNode = FALSE
	EndGlobalSection
	GlobalSection(NestedProjects) = preSolution
		{55C93ED9-5517-4370-AFD5-863FE7775BD5} = {827E0CD3-B72D-47B6-A68D-7590B98EB39B}
		{F1FEBA1D-FAC1-4BF4-BDDA-7B23A6A209EE} = {827E0CD3-B72D-47B6-A68D-7590B98EB39B}
		{5DC477FC-0B45-4509-ADE6-55A5604FD821} = {827E0CD3-B72D-47B6-A68D-7590B98EB39B}
		{4FCBAE7D-9410-4320-936C-E9EC49796D1B} = {827E0CD3-B72D-47B6-A68D-7590B98EB39B}
		{B7DB4D05-ED53-479A-BDE7-DE98E3C00383} = {0C88DD14-F956-CE84-757C-A364CCF449FC}
	EndGlobalSection
EndGlobal
