
Microsoft Visual Studio Solution File, Format Version 12.00
# Visual Studio Version 17
VisualStudioVersion = 17.0.31903.59
MinimumVisualStudioVersion = 10.0.40219.1
Project("{2150E333-8FDC-42A3-9474-1A3956D46DE8}") = "src", "src", "{827E0CD3-B72D-47B6-A68D-7590B98EB39B}"
EndProject
Project("{2150E333-8FDC-42A3-9474-1A3956D46DE8}") = "test", "test", "{0C88DD14-F956-CE84-757C-A364CCF449FC}"
EndProject
Project("{FAE04EC0-301F-11D3-BF4B-00C04F79EFBC}") = "Magenta.Registration.Domain", "src\Magenta.Registration.Domain\Magenta.Registration.Domain.csproj", "{55C93ED9-5517-4370-AFD5-863FE7775BD5}"
EndProject
Project("{FAE04EC0-301F-11D3-BF4B-00C04F79EFBC}") = "Magenta.Registration.Application", "src\Magenta.Registration.Application\Magenta.Registration.Application.csproj", "{F1FEBA1D-FAC1-4BF4-BDDA-7B23A6A209EE}"
EndProject
Project("{FAE04EC0-301F-11D3-BF4B-00C04F79EFBC}") = "Magenta.Registration.Infrastructure", "src\Magenta.Registration.Infrastructure\Magenta.Registration.Infrastructure.csproj", "{5DC477FC-0B45-4509-ADE6-55A5604FD821}"
EndProject
Project("{FAE04EC0-301F-11D3-BF4B-00C04F79EFBC}") = "Magenta.Registration.API", "src\Magenta.Registration.API\Magenta.Registration.API.csproj", "{4FCBAE7D-9410-4320-936C-E9EC49796D1B}"
EndProject
Project("{FAE04EC0-301F-11D3-BF4B-00C04F79EFBC}") = "Magenta.Authentication.Domain", "src\Magenta.Authentication.Domain\Magenta.Authentication.Domain.csproj", "{647313B3-93B4-4E56-A751-E92094885369}"
EndProject
Project("{FAE04EC0-301F-11D3-BF4B-00C04F79EFBC}") = "Magenta.Authentication.Application", "src\Magenta.Authentication.Application\Magenta.Authentication.Application.csproj", "{0666E773-720E-4962-9880-1136F91BF25A}"
EndProject
Project("{FAE04EC0-301F-11D3-BF4B-00C04F79EFBC}") = "Magenta.Authentication.Infrastructure", "src\Magenta.Authentication.Infrastructure\Magenta.Authentication.Infrastructure.csproj", "{A7DD6D07-9118-4406-8929-47B89BA1A35E}"
EndProject
Project("{FAE04EC0-301F-11D3-BF4B-00C04F79EFBC}") = "Magenta.Authentication.API", "src\Magenta.Authentication.API\Magenta.Authentication.API.csproj", "{4AABDC5A-CA9D-4BBA-852B-C9637489DDEB}"
EndProject
Project("{FAE04EC0-301F-11D3-BF4B-00C04F79EFBC}") = "Magenta.Wallet.Domain", "src\Magenta.Wallet.Domain\Magenta.Wallet.Domain.csproj", "{B1A2C3D4-E5F6-4A5B-9C8D-7E6F5A4B3C2D}"
EndProject
Project("{FAE04EC0-301F-11D3-BF4B-00C04F79EFBC}") = "Magenta.Wallet.Application", "src\Magenta.Wallet.Application\Magenta.Wallet.Application.csproj", "{C2B3D4E5-F6A7-4B6C-8D9E-7F8A6B5C4D3E}"
EndProject
Project("{FAE04EC0-301F-11D3-BF4B-00C04F79EFBC}") = "Magenta.Wallet.Infrastructure", "src\Magenta.Wallet.Infrastructure\Magenta.Wallet.Infrastructure.csproj", "{D3C4E5F6-A7B8-4C7D-9E8F-8A9B7C6D5E4F}"
EndProject
Project("{FAE04EC0-301F-11D3-BF4B-00C04F79EFBC}") = "Magenta.Wallet.API", "src\Magenta.Wallet.API\Magenta.Wallet.API.csproj", "{E4D5F6A7-B8C9-4D8E-9F8A-9B8C7D8E6F5A}"
EndProject
Project("{FAE04EC0-301F-11D3-BF4B-00C04F79EFBC}") = "Magenta.Payment.Domain", "src\Magenta.Payment.Domain\Magenta.Payment.Domain.csproj", "{F5E6A7B8-C9D0-4E9F-8A9B-8C9D8E9F7A6B}"
EndProject
Project("{FAE04EC0-301F-11D3-BF4B-00C04F79EFBC}") = "Magenta.Payment.Application", "src\Magenta.Payment.Application\Magenta.Payment.Application.csproj", "{A6B7C8D9-E0F1-4F0A-9B8C-9D0E9F0A8B7C}"
EndProject
Project("{FAE04EC0-301F-11D3-BF4B-00C04F79EFBC}") = "Magenta.Payment.Infrastructure", "src\Magenta.Payment.Infrastructure\Magenta.Payment.Infrastructure.csproj", "{B7C8D9E0-F1A2-4A1B-8C9D-0E1F0A1B9C8D}"
EndProject
Project("{FAE04EC0-301F-11D3-BF4B-00C04F79EFBC}") = "Magenta.Payment.API", "src\Magenta.Payment.API\Magenta.Payment.API.csproj", "{C8D9E0F1-A2B3-4B2C-9D0E-1F2A0B2C0D9E}"
EndProject
Global
	GlobalSection(SolutionConfigurationPlatforms) = preSolution
		Debug|Any CPU = Debug|Any CPU
		Debug|x64 = Debug|x64
		Debug|x86 = Debug|x86
		Release|Any CPU = Release|Any CPU
		Release|x64 = Release|x64
		Release|x86 = Release|x86
	EndGlobalSection
	GlobalSection(ProjectConfigurationPlatforms) = postSolution
		{55C93ED9-5517-4370-AFD5-863FE7775BD5}.Debug|Any CPU.ActiveCfg = Debug|Any CPU
		{55C93ED9-5517-4370-AFD5-863FE7775BD5}.Debug|Any CPU.Build.0 = Debug|Any CPU
		{55C93ED9-5517-4370-AFD5-863FE7775BD5}.Debug|x64.ActiveCfg = Debug|Any CPU
		{55C93ED9-5517-4370-AFD5-863FE7775BD5}.Debug|x64.Build.0 = Debug|Any CPU
		{55C93ED9-5517-4370-AFD5-863FE7775BD5}.Debug|x86.ActiveCfg = Debug|Any CPU
		{55C93ED9-5517-4370-AFD5-863FE7775BD5}.Debug|x86.Build.0 = Debug|Any CPU
		{55C93ED9-5517-4370-AFD5-863FE7775BD5}.Release|Any CPU.ActiveCfg = Release|Any CPU
		{55C93ED9-5517-4370-AFD5-863FE7775BD5}.Release|Any CPU.Build.0 = Release|Any CPU
		{55C93ED9-5517-4370-AFD5-863FE7775BD5}.Release|x64.ActiveCfg = Release|Any CPU
		{55C93ED9-5517-4370-AFD5-863FE7775BD5}.Release|x64.Build.0 = Release|Any CPU
		{55C93ED9-5517-4370-AFD5-863FE7775BD5}.Release|x86.ActiveCfg = Release|Any CPU
		{55C93ED9-5517-4370-AFD5-863FE7775BD5}.Release|x86.Build.0 = Release|Any CPU
		{F1FEBA1D-FAC1-4BF4-BDDA-7B23A6A209EE}.Debug|Any CPU.ActiveCfg = Debug|Any CPU
		{F1FEBA1D-FAC1-4BF4-BDDA-7B23A6A209EE}.Debug|Any CPU.Build.0 = Debug|Any CPU
		{F1FEBA1D-FAC1-4BF4-BDDA-7B23A6A209EE}.Debug|x64.ActiveCfg = Debug|Any CPU
		{F1FEBA1D-FAC1-4BF4-BDDA-7B23A6A209EE}.Debug|x64.Build.0 = Debug|Any CPU
		{F1FEBA1D-FAC1-4BF4-BDDA-7B23A6A209EE}.Debug|x86.ActiveCfg = Debug|Any CPU
		{F1FEBA1D-FAC1-4BF4-BDDA-7B23A6A209EE}.Debug|x86.Build.0 = Debug|Any CPU
		{F1FEBA1D-FAC1-4BF4-BDDA-7B23A6A209EE}.Release|Any CPU.ActiveCfg = Release|Any CPU
		{F1FEBA1D-FAC1-4BF4-BDDA-7B23A6A209EE}.Release|Any CPU.Build.0 = Release|Any CPU
		{F1FEBA1D-FAC1-4BF4-BDDA-7B23A6A209EE}.Release|x64.ActiveCfg = Release|Any CPU
		{F1FEBA1D-FAC1-4BF4-BDDA-7B23A6A209EE}.Release|x64.Build.0 = Release|Any CPU
		{F1FEBA1D-FAC1-4BF4-BDDA-7B23A6A209EE}.Release|x86.ActiveCfg = Release|Any CPU
		{F1FEBA1D-FAC1-4BF4-BDDA-7B23A6A209EE}.Release|x86.Build.0 = Release|Any CPU
		{5DC477FC-0B45-4509-ADE6-55A5604FD821}.Debug|Any CPU.ActiveCfg = Debug|Any CPU
		{5DC477FC-0B45-4509-ADE6-55A5604FD821}.Debug|Any CPU.Build.0 = Debug|Any CPU
		{5DC477FC-0B45-4509-ADE6-55A5604FD821}.Debug|x64.ActiveCfg = Debug|Any CPU
		{5DC477FC-0B45-4509-ADE6-55A5604FD821}.Debug|x64.Build.0 = Debug|Any CPU
		{5DC477FC-0B45-4509-ADE6-55A5604FD821}.Debug|x86.ActiveCfg = Debug|Any CPU
		{5DC477FC-0B45-4509-ADE6-55A5604FD821}.Debug|x86.Build.0 = Debug|Any CPU
		{5DC477FC-0B45-4509-ADE6-55A5604FD821}.Release|Any CPU.ActiveCfg = Release|Any CPU
		{5DC477FC-0B45-4509-ADE6-55A5604FD821}.Release|Any CPU.Build.0 = Release|Any CPU
		{5DC477FC-0B45-4509-ADE6-55A5604FD821}.Release|x64.ActiveCfg = Release|Any CPU
		{5DC477FC-0B45-4509-ADE6-55A5604FD821}.Release|x64.Build.0 = Release|Any CPU
		{5DC477FC-0B45-4509-ADE6-55A5604FD821}.Release|x86.ActiveCfg = Release|Any CPU
		{5DC477FC-0B45-4509-ADE6-55A5604FD821}.Release|x86.Build.0 = Release|Any CPU
		{4FCBAE7D-9410-4320-936C-E9EC49796D1B}.Debug|Any CPU.ActiveCfg = Debug|Any CPU
		{4FCBAE7D-9410-4320-936C-E9EC49796D1B}.Debug|Any CPU.Build.0 = Debug|Any CPU
		{4FCBAE7D-9410-4320-936C-E9EC49796D1B}.Debug|x64.ActiveCfg = Debug|Any CPU
		{4FCBAE7D-9410-4320-936C-E9EC49796D1B}.Debug|x64.Build.0 = Debug|Any CPU
		{4FCBAE7D-9410-4320-936C-E9EC49796D1B}.Debug|x86.ActiveCfg = Debug|Any CPU
		{4FCBAE7D-9410-4320-936C-E9EC49796D1B}.Debug|x86.Build.0 = Debug|Any CPU
		{4FCBAE7D-9410-4320-936C-E9EC49796D1B}.Release|Any CPU.ActiveCfg = Release|Any CPU
		{4FCBAE7D-9410-4320-936C-E9EC49796D1B}.Release|Any CPU.Build.0 = Release|Any CPU
		{4FCBAE7D-9410-4320-936C-E9EC49796D1B}.Release|x64.ActiveCfg = Release|Any CPU
		{4FCBAE7D-9410-4320-936C-E9EC49796D1B}.Release|x64.Build.0 = Release|Any CPU
		{4FCBAE7D-9410-4320-936C-E9EC49796D1B}.Release|x86.ActiveCfg = Release|Any CPU
		{4FCBAE7D-9410-4320-936C-E9EC49796D1B}.Release|x86.Build.0 = Release|Any CPU
		{647313B3-93B4-4E56-A751-E92094885369}.Debug|Any CPU.ActiveCfg = Debug|Any CPU
		{647313B3-93B4-4E56-A751-E92094885369}.Debug|Any CPU.Build.0 = Debug|Any CPU
		{647313B3-93B4-4E56-A751-E92094885369}.Debug|x64.ActiveCfg = Debug|Any CPU
		{647313B3-93B4-4E56-A751-E92094885369}.Debug|x64.Build.0 = Debug|Any CPU
		{647313B3-93B4-4E56-A751-E92094885369}.Debug|x86.ActiveCfg = Debug|Any CPU
		{647313B3-93B4-4E56-A751-E92094885369}.Debug|x86.Build.0 = Debug|Any CPU
		{647313B3-93B4-4E56-A751-E92094885369}.Release|Any CPU.ActiveCfg = Release|Any CPU
		{647313B3-93B4-4E56-A751-E92094885369}.Release|Any CPU.Build.0 = Release|Any CPU
		{647313B3-93B4-4E56-A751-E92094885369}.Release|x64.ActiveCfg = Release|Any CPU
		{647313B3-93B4-4E56-A751-E92094885369}.Release|x64.Build.0 = Release|Any CPU
		{647313B3-93B4-4E56-A751-E92094885369}.Release|x86.ActiveCfg = Release|Any CPU
		{647313B3-93B4-4E56-A751-E92094885369}.Release|x86.Build.0 = Release|Any CPU
		{0666E773-720E-4962-9880-1136F91BF25A}.Debug|Any CPU.ActiveCfg = Debug|Any CPU
		{0666E773-720E-4962-9880-1136F91BF25A}.Debug|Any CPU.Build.0 = Debug|Any CPU
		{0666E773-720E-4962-9880-1136F91BF25A}.Debug|x64.ActiveCfg = Debug|Any CPU
		{0666E773-720E-4962-9880-1136F91BF25A}.Debug|x64.Build.0 = Debug|Any CPU
		{0666E773-720E-4962-9880-1136F91BF25A}.Debug|x86.ActiveCfg = Debug|Any CPU
		{0666E773-720E-4962-9880-1136F91BF25A}.Debug|x86.Build.0 = Debug|Any CPU
		{0666E773-720E-4962-9880-1136F91BF25A}.Release|Any CPU.ActiveCfg = Release|Any CPU
		{0666E773-720E-4962-9880-1136F91BF25A}.Release|Any CPU.Build.0 = Release|Any CPU
		{0666E773-720E-4962-9880-1136F91BF25A}.Release|x64.ActiveCfg = Release|Any CPU
		{0666E773-720E-4962-9880-1136F91BF25A}.Release|x64.Build.0 = Release|Any CPU
		{0666E773-720E-4962-9880-1136F91BF25A}.Release|x86.ActiveCfg = Release|Any CPU
		{0666E773-720E-4962-9880-1136F91BF25A}.Release|x86.Build.0 = Release|Any CPU
		{A7DD6D07-9118-4406-8929-47B89BA1A35E}.Debug|Any CPU.ActiveCfg = Debug|Any CPU
		{A7DD6D07-9118-4406-8929-47B89BA1A35E}.Debug|Any CPU.Build.0 = Debug|Any CPU
		{A7DD6D07-9118-4406-8929-47B89BA1A35E}.Debug|x64.ActiveCfg = Debug|Any CPU
		{A7DD6D07-9118-4406-8929-47B89BA1A35E}.Debug|x64.Build.0 = Debug|Any CPU
		{A7DD6D07-9118-4406-8929-47B89BA1A35E}.Debug|x86.ActiveCfg = Debug|Any CPU
		{A7DD6D07-9118-4406-8929-47B89BA1A35E}.Debug|x86.Build.0 = Debug|Any CPU
		{A7DD6D07-9118-4406-8929-47B89BA1A35E}.Release|Any CPU.ActiveCfg = Release|Any CPU
		{A7DD6D07-9118-4406-8929-47B89BA1A35E}.Release|Any CPU.Build.0 = Release|Any CPU
		{A7DD6D07-9118-4406-8929-47B89BA1A35E}.Release|x64.ActiveCfg = Release|Any CPU
		{A7DD6D07-9118-4406-8929-47B89BA1A35E}.Release|x64.Build.0 = Release|Any CPU
		{A7DD6D07-9118-4406-8929-47B89BA1A35E}.Release|x86.ActiveCfg = Release|Any CPU
		{A7DD6D07-9118-4406-8929-47B89BA1A35E}.Release|x86.Build.0 = Release|Any CPU
		{4AABDC5A-CA9D-4BBA-852B-C9637489DDEB}.Debug|Any CPU.ActiveCfg = Debug|Any CPU
		{4AABDC5A-CA9D-4BBA-852B-C9637489DDEB}.Debug|Any CPU.Build.0 = Debug|Any CPU
		{4AABDC5A-CA9D-4BBA-852B-C9637489DDEB}.Debug|x64.ActiveCfg = Debug|Any CPU
		{4AABDC5A-CA9D-4BBA-852B-C9637489DDEB}.Debug|x64.Build.0 = Debug|Any CPU
		{4AABDC5A-CA9D-4BBA-852B-C9637489DDEB}.Debug|x86.ActiveCfg = Debug|Any CPU
		{4AABDC5A-CA9D-4BBA-852B-C9637489DDEB}.Debug|x86.Build.0 = Debug|Any CPU
		{4AABDC5A-CA9D-4BBA-852B-C9637489DDEB}.Release|Any CPU.ActiveCfg = Release|Any CPU
		{4AABDC5A-CA9D-4BBA-852B-C9637489DDEB}.Release|Any CPU.Build.0 = Release|Any CPU
		{4AABDC5A-CA9D-4BBA-852B-C9637489DDEB}.Release|x64.ActiveCfg = Release|Any CPU
		{4AABDC5A-CA9D-4BBA-852B-C9637489DDEB}.Release|x64.Build.0 = Release|Any CPU
		{4AABDC5A-CA9D-4BBA-852B-C9637489DDEB}.Release|x86.ActiveCfg = Release|Any CPU
		{4AABDC5A-CA9D-4BBA-852B-C9637489DDEB}.Release|x86.Build.0 = Release|Any CPU
		{B1A2C3D4-E5F6-4A5B-9C8D-7E6F5A4B3C2D}.Debug|Any CPU.ActiveCfg = Debug|Any CPU
		{B1A2C3D4-E5F6-4A5B-9C8D-7E6F5A4B3C2D}.Debug|Any CPU.Build.0 = Debug|Any CPU
		{B1A2C3D4-E5F6-4A5B-9C8D-7E6F5A4B3C2D}.Debug|x64.ActiveCfg = Debug|Any CPU
		{B1A2C3D4-E5F6-4A5B-9C8D-7E6F5A4B3C2D}.Debug|x64.Build.0 = Debug|Any CPU
		{B1A2C3D4-E5F6-4A5B-9C8D-7E6F5A4B3C2D}.Debug|x86.ActiveCfg = Debug|Any CPU
		{B1A2C3D4-E5F6-4A5B-9C8D-7E6F5A4B3C2D}.Debug|x86.Build.0 = Debug|Any CPU
		{B1A2C3D4-E5F6-4A5B-9C8D-7E6F5A4B3C2D}.Release|Any CPU.ActiveCfg = Release|Any CPU
		{B1A2C3D4-E5F6-4A5B-9C8D-7E6F5A4B3C2D}.Release|Any CPU.Build.0 = Release|Any CPU
		{B1A2C3D4-E5F6-4A5B-9C8D-7E6F5A4B3C2D}.Release|x64.ActiveCfg = Release|Any CPU
		{B1A2C3D4-E5F6-4A5B-9C8D-7E6F5A4B3C2D}.Release|x64.Build.0 = Release|Any CPU
		{B1A2C3D4-E5F6-4A5B-9C8D-7E6F5A4B3C2D}.Release|x86.ActiveCfg = Release|Any CPU
		{B1A2C3D4-E5F6-4A5B-9C8D-7E6F5A4B3C2D}.Release|x86.Build.0 = Release|Any CPU
		{C2B3D4E5-F6A7-4B6C-8D9E-7F8A6B5C4D3E}.Debug|Any CPU.ActiveCfg = Debug|Any CPU
		{C2B3D4E5-F6A7-4B6C-8D9E-7F8A6B5C4D3E}.Debug|Any CPU.Build.0 = Debug|Any CPU
		{C2B3D4E5-F6A7-4B6C-8D9E-7F8A6B5C4D3E}.Debug|x64.ActiveCfg = Debug|Any CPU
		{C2B3D4E5-F6A7-4B6C-8D9E-7F8A6B5C4D3E}.Debug|x64.Build.0 = Debug|Any CPU
		{C2B3D4E5-F6A7-4B6C-8D9E-7F8A6B5C4D3E}.Debug|x86.ActiveCfg = Debug|Any CPU
		{C2B3D4E5-F6A7-4B6C-8D9E-7F8A6B5C4D3E}.Debug|x86.Build.0 = Debug|Any CPU
		{C2B3D4E5-F6A7-4B6C-8D9E-7F8A6B5C4D3E}.Release|Any CPU.ActiveCfg = Release|Any CPU
		{C2B3D4E5-F6A7-4B6C-8D9E-7F8A6B5C4D3E}.Release|Any CPU.Build.0 = Release|Any CPU
		{C2B3D4E5-F6A7-4B6C-8D9E-7F8A6B5C4D3E}.Release|x64.ActiveCfg = Release|Any CPU
		{C2B3D4E5-F6A7-4B6C-8D9E-7F8A6B5C4D3E}.Release|x64.Build.0 = Release|Any CPU
		{C2B3D4E5-F6A7-4B6C-8D9E-7F8A6B5C4D3E}.Release|x86.ActiveCfg = Release|Any CPU
		{C2B3D4E5-F6A7-4B6C-8D9E-7F8A6B5C4D3E}.Release|x86.Build.0 = Release|Any CPU
		{D3C4E5F6-A7B8-4C7D-9E8F-8A9B7C6D5E4F}.Debug|Any CPU.ActiveCfg = Debug|Any CPU
		{D3C4E5F6-A7B8-4C7D-9E8F-8A9B7C6D5E4F}.Debug|Any CPU.Build.0 = Debug|Any CPU
		{D3C4E5F6-A7B8-4C7D-9E8F-8A9B7C6D5E4F}.Debug|x64.ActiveCfg = Debug|Any CPU
		{D3C4E5F6-A7B8-4C7D-9E8F-8A9B7C6D5E4F}.Debug|x64.Build.0 = Debug|Any CPU
		{D3C4E5F6-A7B8-4C7D-9E8F-8A9B7C6D5E4F}.Debug|x86.ActiveCfg = Debug|Any CPU
		{D3C4E5F6-A7B8-4C7D-9E8F-8A9B7C6D5E4F}.Debug|x86.Build.0 = Debug|Any CPU
		{D3C4E5F6-A7B8-4C7D-9E8F-8A9B7C6D5E4F}.Release|Any CPU.ActiveCfg = Release|Any CPU
		{D3C4E5F6-A7B8-4C7D-9E8F-8A9B7C6D5E4F}.Release|Any CPU.Build.0 = Release|Any CPU
		{D3C4E5F6-A7B8-4C7D-9E8F-8A9B7C6D5E4F}.Release|x64.ActiveCfg = Release|Any CPU
		{D3C4E5F6-A7B8-4C7D-9E8F-8A9B7C6D5E4F}.Release|x64.Build.0 = Release|Any CPU
		{D3C4E5F6-A7B8-4C7D-9E8F-8A9B7C6D5E4F}.Release|x86.ActiveCfg = Release|Any CPU
		{D3C4E5F6-A7B8-4C7D-9E8F-8A9B7C6D5E4F}.Release|x86.Build.0 = Release|Any CPU
		{E4D5F6A7-B8C9-4D8E-9F8A-9B8C7D8E6F5A}.Debug|Any CPU.ActiveCfg = Debug|Any CPU
		{E4D5F6A7-B8C9-4D8E-9F8A-9B8C7D8E6F5A}.Debug|Any CPU.Build.0 = Debug|Any CPU
		{E4D5F6A7-B8C9-4D8E-9F8A-9B8C7D8E6F5A}.Debug|x64.ActiveCfg = Debug|Any CPU
		{E4D5F6A7-B8C9-4D8E-9F8A-9B8C7D8E6F5A}.Debug|x64.Build.0 = Debug|Any CPU
		{E4D5F6A7-B8C9-4D8E-9F8A-9B8C7D8E6F5A}.Debug|x86.ActiveCfg = Debug|Any CPU
		{E4D5F6A7-B8C9-4D8E-9F8A-9B8C7D8E6F5A}.Debug|x86.Build.0 = Debug|Any CPU
		{E4D5F6A7-B8C9-4D8E-9F8A-9B8C7D8E6F5A}.Release|Any CPU.ActiveCfg = Release|Any CPU
		{E4D5F6A7-B8C9-4D8E-9F8A-9B8C7D8E6F5A}.Release|Any CPU.Build.0 = Release|Any CPU
		{E4D5F6A7-B8C9-4D8E-9F8A-9B8C7D8E6F5A}.Release|x64.ActiveCfg = Release|Any CPU
		{E4D5F6A7-B8C9-4D8E-9F8A-9B8C7D8E6F5A}.Release|x64.Build.0 = Release|Any CPU
		{E4D5F6A7-B8C9-4D8E-9F8A-9B8C7D8E6F5A}.Release|x86.ActiveCfg = Release|Any CPU
		{E4D5F6A7-B8C9-4D8E-9F8A-9B8C7D8E6F5A}.Release|x86.Build.0 = Release|Any CPU
		{F5E6A7B8-C9D0-4E9F-8A9B-8C9D8E9F7A6B}.Debug|Any CPU.ActiveCfg = Debug|Any CPU
		{F5E6A7B8-C9D0-4E9F-8A9B-8C9D8E9F7A6B}.Debug|Any CPU.Build.0 = Debug|Any CPU
		{F5E6A7B8-C9D0-4E9F-8A9B-8C9D8E9F7A6B}.Debug|x64.ActiveCfg = Debug|Any CPU
		{F5E6A7B8-C9D0-4E9F-8A9B-8C9D8E9F7A6B}.Debug|x64.Build.0 = Debug|Any CPU
		{F5E6A7B8-C9D0-4E9F-8A9B-8C9D8E9F7A6B}.Debug|x86.ActiveCfg = Debug|Any CPU
		{F5E6A7B8-C9D0-4E9F-8A9B-8C9D8E9F7A6B}.Debug|x86.Build.0 = Debug|Any CPU
		{F5E6A7B8-C9D0-4E9F-8A9B-8C9D8E9F7A6B}.Release|Any CPU.ActiveCfg = Release|Any CPU
		{F5E6A7B8-C9D0-4E9F-8A9B-8C9D8E9F7A6B}.Release|Any CPU.Build.0 = Release|Any CPU
		{F5E6A7B8-C9D0-4E9F-8A9B-8C9D8E9F7A6B}.Release|x64.ActiveCfg = Release|Any CPU
		{F5E6A7B8-C9D0-4E9F-8A9B-8C9D8E9F7A6B}.Release|x64.Build.0 = Release|Any CPU
		{F5E6A7B8-C9D0-4E9F-8A9B-8C9D8E9F7A6B}.Release|x86.ActiveCfg = Release|Any CPU
		{F5E6A7B8-C9D0-4E9F-8A9B-8C9D8E9F7A6B}.Release|x86.Build.0 = Release|Any CPU
		{A6B7C8D9-E0F1-4F0A-9B8C-9D0E9F0A8B7C}.Debug|Any CPU.ActiveCfg = Debug|Any CPU
		{A6B7C8D9-E0F1-4F0A-9B8C-9D0E9F0A8B7C}.Debug|Any CPU.Build.0 = Debug|Any CPU
		{A6B7C8D9-E0F1-4F0A-9B8C-9D0E9F0A8B7C}.Debug|x64.ActiveCfg = Debug|Any CPU
		{A6B7C8D9-E0F1-4F0A-9B8C-9D0E9F0A8B7C}.Debug|x64.Build.0 = Debug|Any CPU
		{A6B7C8D9-E0F1-4F0A-9B8C-9D0E9F0A8B7C}.Debug|x86.ActiveCfg = Debug|Any CPU
		{A6B7C8D9-E0F1-4F0A-9B8C-9D0E9F0A8B7C}.Debug|x86.Build.0 = Debug|Any CPU
		{A6B7C8D9-E0F1-4F0A-9B8C-9D0E9F0A8B7C}.Release|Any CPU.ActiveCfg = Release|Any CPU
		{A6B7C8D9-E0F1-4F0A-9B8C-9D0E9F0A8B7C}.Release|Any CPU.Build.0 = Release|Any CPU
		{A6B7C8D9-E0F1-4F0A-9B8C-9D0E9F0A8B7C}.Release|x64.ActiveCfg = Release|Any CPU
		{A6B7C8D9-E0F1-4F0A-9B8C-9D0E9F0A8B7C}.Release|x64.Build.0 = Release|Any CPU
		{A6B7C8D9-E0F1-4F0A-9B8C-9D0E9F0A8B7C}.Release|x86.ActiveCfg = Release|Any CPU
		{A6B7C8D9-E0F1-4F0A-9B8C-9D0E9F0A8B7C}.Release|x86.Build.0 = Release|Any CPU
		{B7C8D9E0-F1A2-4A1B-8C9D-0E1F0A1B9C8D}.Debug|Any CPU.ActiveCfg = Debug|Any CPU
		{B7C8D9E0-F1A2-4A1B-8C9D-0E1F0A1B9C8D}.Debug|Any CPU.Build.0 = Debug|Any CPU
		{B7C8D9E0-F1A2-4A1B-8C9D-0E1F0A1B9C8D}.Debug|x64.ActiveCfg = Debug|Any CPU
		{B7C8D9E0-F1A2-4A1B-8C9D-0E1F0A1B9C8D}.Debug|x64.Build.0 = Debug|Any CPU
		{B7C8D9E0-F1A2-4A1B-8C9D-0E1F0A1B9C8D}.Debug|x86.ActiveCfg = Debug|Any CPU
		{B7C8D9E0-F1A2-4A1B-8C9D-0E1F0A1B9C8D}.Debug|x86.Build.0 = Debug|Any CPU
		{B7C8D9E0-F1A2-4A1B-8C9D-0E1F0A1B9C8D}.Release|Any CPU.ActiveCfg = Release|Any CPU
		{B7C8D9E0-F1A2-4A1B-8C9D-0E1F0A1B9C8D}.Release|Any CPU.Build.0 = Release|Any CPU
		{B7C8D9E0-F1A2-4A1B-8C9D-0E1F0A1B9C8D}.Release|x64.ActiveCfg = Release|Any CPU
		{B7C8D9E0-F1A2-4A1B-8C9D-0E1F0A1B9C8D}.Release|x64.Build.0 = Release|Any CPU
		{B7C8D9E0-F1A2-4A1B-8C9D-0E1F0A1B9C8D}.Release|x86.ActiveCfg = Release|Any CPU
		{B7C8D9E0-F1A2-4A1B-8C9D-0E1F0A1B9C8D}.Release|x86.Build.0 = Release|Any CPU
		{C8D9E0F1-A2B3-4B2C-9D0E-1F2A0B2C0D9E}.Debug|Any CPU.ActiveCfg = Debug|Any CPU
		{C8D9E0F1-A2B3-4B2C-9D0E-1F2A0B2C0D9E}.Debug|Any CPU.Build.0 = Debug|Any CPU
		{C8D9E0F1-A2B3-4B2C-9D0E-1F2A0B2C0D9E}.Debug|x64.ActiveCfg = Debug|Any CPU
		{C8D9E0F1-A2B3-4B2C-9D0E-1F2A0B2C0D9E}.Debug|x64.Build.0 = Debug|Any CPU
		{C8D9E0F1-A2B3-4B2C-9D0E-1F2A0B2C0D9E}.Debug|x86.ActiveCfg = Debug|Any CPU
		{C8D9E0F1-A2B3-4B2C-9D0E-1F2A0B2C0D9E}.Debug|x86.Build.0 = Debug|Any CPU
		{C8D9E0F1-A2B3-4B2C-9D0E-1F2A0B2C0D9E}.Release|Any CPU.ActiveCfg = Release|Any CPU
		{C8D9E0F1-A2B3-4B2C-9D0E-1F2A0B2C0D9E}.Release|Any CPU.Build.0 = Release|Any CPU
		{C8D9E0F1-A2B3-4B2C-9D0E-1F2A0B2C0D9E}.Release|x64.ActiveCfg = Release|Any CPU
		{C8D9E0F1-A2B3-4B2C-9D0E-1F2A0B2C0D9E}.Release|x64.Build.0 = Release|Any CPU
		{C8D9E0F1-A2B3-4B2C-9D0E-1F2A0B2C0D9E}.Release|x86.ActiveCfg = Release|Any CPU
		{C8D9E0F1-A2B3-4B2C-9D0E-1F2A0B2C0D9E}.Release|x86.Build.0 = Release|Any CPU
	EndGlobalSection
	GlobalSection(SolutionProperties) = preSolution
		HideSolutionNode = FALSE
	EndGlobalSection
	GlobalSection(NestedProjects) = preSolution
		{55C93ED9-5517-4370-AFD5-863FE7775BD5} = {827E0CD3-B72D-47B6-A68D-7590B98EB39B}
		{F1FEBA1D-FAC1-4BF4-BDDA-7B23A6A209EE} = {827E0CD3-B72D-47B6-A68D-7590B98EB39B}
		{5DC477FC-0B45-4509-ADE6-55A5604FD821} = {827E0CD3-B72D-47B6-A68D-7590B98EB39B}
		{4FCBAE7D-9410-4320-936C-E9EC49796D1B} = {827E0CD3-B72D-47B6-A68D-7590B98EB39B}
		{647313B3-93B4-4E56-A751-E92094885369} = {827E0CD3-B72D-47B6-A68D-7590B98EB39B}
		{0666E773-720E-4962-9880-1136F91BF25A} = {827E0CD3-B72D-47B6-A68D-7590B98EB39B}
		{A7DD6D07-9118-4406-8929-47B89BA1A35E} = {827E0CD3-B72D-47B6-A68D-7590B98EB39B}
		{4AABDC5A-CA9D-4BBA-852B-C9637489DDEB} = {827E0CD3-B72D-47B6-A68D-7590B98EB39B}
		{B1A2C3D4-E5F6-4A5B-9C8D-7E6F5A4B3C2D} = {827E0CD3-B72D-47B6-A68D-7590B98EB39B}
		{C2B3D4E5-F6A7-4B6C-8D9E-7F8A6B5C4D3E} = {827E0CD3-B72D-47B6-A68D-7590B98EB39B}
		{D3C4E5F6-A7B8-4C7D-9E8F-8A9B7C6D5E4F} = {827E0CD3-B72D-47B6-A68D-7590B98EB39B}
		{E4D5F6A7-B8C9-4D8E-9F8A-9B8C7D8E6F5A} = {827E0CD3-B72D-47B6-A68D-7590B98EB39B}
		{F5E6A7B8-C9D0-4E9F-8A9B-8C9D8E9F7A6B} = {827E0CD3-B72D-47B6-A68D-7590B98EB39B}
		{A6B7C8D9-E0F1-4F0A-9B8C-9D0E9F0A8B7C} = {827E0CD3-B72D-47B6-A68D-7590B98EB39B}
		{B7C8D9E0-F1A2-4A1B-8C9D-0E1F0A1B9C8D} = {827E0CD3-B72D-47B6-A68D-7590B98EB39B}
		{C8D9E0F1-A2B3-4B2C-9D0E-1F2A0B2C0D9E} = {827E0CD3-B72D-47B6-A68D-7590B98EB39B}
	EndGlobalSection
EndGlobal
